
Microsoft Visual Studio Solution File, Format Version 12.00
# Visual Studio Version 16
VisualStudioVersion = 16.0.32126.315
MinimumVisualStudioVersion = 10.0.40219.1
Project("{FAE04EC0-301F-11D3-BF4B-00C04F79EFBC}") = "AulaTP_Senhor_Senhora", "AulaTP_Senhor_Senhora\AulaTP_Senhor_Senhora.csproj", "{E086ABE2-1936-4007-9B11-842314CB8CC0}"
EndProject
Global
	GlobalSection(SolutionConfigurationPlatforms) = preSolution
		Debug|Any CPU = Debug|Any CPU
		Release|Any CPU = Release|Any CPU
	EndGlobalSection
	GlobalSection(ProjectConfigurationPlatforms) = postSolution
		{E086ABE2-1936-4007-9B11-842314CB8CC0}.Debug|Any CPU.ActiveCfg = Debug|Any CPU
		{E086ABE2-1936-4007-9B11-842314CB8CC0}.Debug|Any CPU.Build.0 = Debug|Any CPU
		{E086ABE2-1936-4007-9B11-842314CB8CC0}.Release|Any CPU.ActiveCfg = Release|Any CPU
		{E086ABE2-1936-4007-9B11-842314CB8CC0}.Release|Any CPU.Build.0 = Release|Any CPU
	EndGlobalSection
	GlobalSection(SolutionProperties) = preSolution
		HideSolutionNode = FALSE
	EndGlobalSection
	GlobalSection(ExtensibilityGlobals) = postSolution
		SolutionGuid = {8E5C252B-3071-4640-A317-33EF8D46A5C2}
	EndGlobalSection
EndGlobal
