
Microsoft Visual Studio Solution File, Format Version 12.00
# Visual Studio Version 16
VisualStudioVersion = 16.0.32228.343
MinimumVisualStudioVersion = 10.0.40219.1
Project("{FAE04EC0-301F-11D3-BF4B-00C04F79EFBC}") = "Rotulo_CPF_CNPJ", "Rotulo_CPF_CNPJ\Rotulo_CPF_CNPJ.csproj", "{1389A1F3-0B8E-4023-B34E-168F972FEEDE}"
EndProject
Global
	GlobalSection(SolutionConfigurationPlatforms) = preSolution
		Debug|Any CPU = Debug|Any CPU
		Release|Any CPU = Release|Any CPU
	EndGlobalSection
	GlobalSection(ProjectConfigurationPlatforms) = postSolution
		{1389A1F3-0B8E-4023-B34E-168F972FEEDE}.Debug|Any CPU.ActiveCfg = Debug|Any CPU
		{1389A1F3-0B8E-4023-B34E-168F972FEEDE}.Debug|Any CPU.Build.0 = Debug|Any CPU
		{1389A1F3-0B8E-4023-B34E-168F972FEEDE}.Release|Any CPU.ActiveCfg = Release|Any CPU
		{1389A1F3-0B8E-4023-B34E-168F972FEEDE}.Release|Any CPU.Build.0 = Release|Any CPU
	EndGlobalSection
	GlobalSection(SolutionProperties) = preSolution
		HideSolutionNode = FALSE
	EndGlobalSection
	GlobalSection(ExtensibilityGlobals) = postSolution
		SolutionGuid = {565B3D61-1ADB-42F2-BFAB-361A7D1D26C5}
	EndGlobalSection
EndGlobal
