
Microsoft Visual Studio Solution File, Format Version 12.00
# Visual Studio Version 16
VisualStudioVersion = 16.0.32126.315
MinimumVisualStudioVersion = 10.0.40219.1
Project("{FAE04EC0-301F-11D3-BF4B-00C04F79EFBC}") = "Curso_AcessoaDados", "Curso_AcessoaDados\Curso_AcessoaDados.csproj", "{74BD1805-D64D-460B-9E21-FF6B689F2B1C}"
EndProject
Global
	GlobalSection(SolutionConfigurationPlatforms) = preSolution
		Debug|Any CPU = Debug|Any CPU
		Release|Any CPU = Release|Any CPU
	EndGlobalSection
	GlobalSection(ProjectConfigurationPlatforms) = postSolution
		{74BD1805-D64D-460B-9E21-FF6B689F2B1C}.Debug|Any CPU.ActiveCfg = Debug|Any CPU
		{74BD1805-D64D-460B-9E21-FF6B689F2B1C}.Debug|Any CPU.Build.0 = Debug|Any CPU
		{74BD1805-D64D-460B-9E21-FF6B689F2B1C}.Release|Any CPU.ActiveCfg = Release|Any CPU
		{74BD1805-D64D-460B-9E21-FF6B689F2B1C}.Release|Any CPU.Build.0 = Release|Any CPU
	EndGlobalSection
	GlobalSection(SolutionProperties) = preSolution
		HideSolutionNode = FALSE
	EndGlobalSection
	GlobalSection(ExtensibilityGlobals) = postSolution
		SolutionGuid = {D3A3D4EA-78B5-4833-83CB-2AE060AA28F0}
	EndGlobalSection
EndGlobal
